# This file is automatically @generated by Cargo.
# It is not intended for manual editing.
version = 3

[[package]]
name = "bitflags"
version = "1.3.2"
source = "registry+https://github.com/rust-lang/crates.io-index"
checksum = "bef38d45163c2f1dde094a7dfd33ccf595c92905c8f8f4fdc18d06fb1037718a"

[[package]]
name = "cc"
version = "1.0.83"
source = "registry+https://github.com/rust-lang/crates.io-index"
checksum = "f1174fb0b6ec23863f8b971027804a42614e347eafb0a95bf0b12cdae21fc4d0"
dependencies = [
 "libc",
]

[[package]]
name = "errno"
version = "0.1.0"
dependencies = [
 "log",
 "rcore-fs",
 "serde_json",
 "sgx_tstd 1.1.6",
]

[[package]]
name = "hashbrown_tstd"
version = "0.12.0"

[[package]]
name = "itoa"
version = "0.4.5"
dependencies = [
 "sgx_tstd 1.1.0",
]

[[package]]
name = "libc"
version = "0.2.149"
source = "registry+https://github.com/rust-lang/crates.io-index"
checksum = "a08173bc88b7955d1b3145aa561539096c421ac8debde8cbc3612ec635fee29b"

[[package]]
name = "log"
version = "0.4.20"
source = "registry+https://github.com/rust-lang/crates.io-index"
checksum = "b5e6163cb8c49088c2c36f57875e58ccd8c87c7427f7fbd50ea6710b2f3f2e8f"

[[package]]
name = "rcore-fs"
version = "0.1.0"
dependencies = [
 "bitflags",
 "spin",
]

[[package]]
name = "ryu"
version = "1.0.15"
source = "registry+https://github.com/rust-lang/crates.io-index"
checksum = "1ad4cc8da4ef723ed60bced201181d83791ad433213d8c24efffda1eec85d741"

[[package]]
name = "serde"
version = "1.0.104"
dependencies = [
 "sgx_tstd 1.1.0",
]

[[package]]
name = "serde_json"
version = "1.0.40"
dependencies = [
 "itoa",
 "ryu",
 "serde",
 "sgx_tstd 1.1.0",
]

[[package]]
name = "sgx_alloc"
version = "1.1.0"
source = "git+https://github.com/apache/teaclave-sgx-sdk.git?rev=v1.1.0#71a88b647bb76a16cbc5c3e29403e2afb67f82fd"

[[package]]
name = "sgx_alloc"
version = "1.1.6"

[[package]]
name = "sgx_backtrace_sys"
version = "1.1.0"
source = "git+https://github.com/apache/teaclave-sgx-sdk.git?rev=v1.1.0#71a88b647bb76a16cbc5c3e29403e2afb67f82fd"
dependencies = [
 "cc",
 "sgx_build_helper 0.1.0",
 "sgx_libc 1.1.0",
]

[[package]]
name = "sgx_backtrace_sys"
version = "1.1.6"
dependencies = [
 "cc",
 "sgx_build_helper 1.1.6",
 "sgx_libc 1.1.6",
]

[[package]]
name = "sgx_build_helper"
version = "0.1.0"
source = "git+https://github.com/apache/teaclave-sgx-sdk.git?rev=v1.1.0#71a88b647bb76a16cbc5c3e29403e2afb67f82fd"

[[package]]
name = "sgx_build_helper"
version = "1.1.6"

[[package]]
name = "sgx_demangle"
version = "1.1.0"
source = "git+https://github.com/apache/teaclave-sgx-sdk.git?rev=v1.1.0#71a88b647bb76a16cbc5c3e29403e2afb67f82fd"

[[package]]
name = "sgx_demangle"
version = "1.1.6"

[[package]]
name = "sgx_libc"
version = "1.1.0"
source = "git+https://github.com/apache/teaclave-sgx-sdk.git?rev=v1.1.0#71a88b647bb76a16cbc5c3e29403e2afb67f82fd"
dependencies = [
 "sgx_types 1.1.0",
]

[[package]]
name = "sgx_libc"
version = "1.1.6"
dependencies = [
 "sgx_types 1.1.6",
]

[[package]]
name = "sgx_tcrypto"
version = "1.1.0"
source = "git+https://github.com/apache/teaclave-sgx-sdk.git?rev=v1.1.0#71a88b647bb76a16cbc5c3e29403e2afb67f82fd"
dependencies = [
 "sgx_types 1.1.0",
]

[[package]]
name = "sgx_tprotected_fs"
version = "1.1.0"
source = "git+https://github.com/apache/teaclave-sgx-sdk.git?rev=v1.1.0#71a88b647bb76a16cbc5c3e29403e2afb67f82fd"
dependencies = [
 "sgx_trts 1.1.0",
 "sgx_types 1.1.0",
]

[[package]]
name = "sgx_tprotected_fs"
version = "1.1.6"
dependencies = [
 "sgx_trts 1.1.6",
 "sgx_types 1.1.6",
]

[[package]]
name = "sgx_trts"
version = "1.1.0"
source = "git+https://github.com/apache/teaclave-sgx-sdk.git?rev=v1.1.0#71a88b647bb76a16cbc5c3e29403e2afb67f82fd"
dependencies = [
 "sgx_libc 1.1.0",
 "sgx_types 1.1.0",
]

[[package]]
name = "sgx_trts"
version = "1.1.6"
dependencies = [
 "sgx_libc 1.1.6",
 "sgx_types 1.1.6",
]

[[package]]
name = "sgx_tse"
version = "1.1.0"
source = "git+https://github.com/apache/teaclave-sgx-sdk.git?rev=v1.1.0#71a88b647bb76a16cbc5c3e29403e2afb67f82fd"
dependencies = [
 "sgx_types 1.1.0",
]

[[package]]
name = "sgx_tseal"
version = "1.1.0"
source = "git+https://github.com/apache/teaclave-sgx-sdk.git?rev=v1.1.0#71a88b647bb76a16cbc5c3e29403e2afb67f82fd"
dependencies = [
 "sgx_tcrypto",
 "sgx_trts 1.1.0",
 "sgx_tse",
 "sgx_types 1.1.0",
]

[[package]]
name = "sgx_tstd"
version = "1.1.0"
source = "git+https://github.com/apache/teaclave-sgx-sdk.git?rev=v1.1.0#71a88b647bb76a16cbc5c3e29403e2afb67f82fd"
dependencies = [
 "sgx_alloc 1.1.0",
 "sgx_backtrace_sys 1.1.0",
 "sgx_demangle 1.1.0",
 "sgx_libc 1.1.0",
 "sgx_tprotected_fs 1.1.0",
 "sgx_trts 1.1.0",
 "sgx_tseal",
 "sgx_types 1.1.0",
 "sgx_unwind 0.1.0",
]

[[package]]
name = "sgx_tstd"
version = "1.1.6"
dependencies = [
 "hashbrown_tstd",
 "sgx_alloc 1.1.6",
 "sgx_backtrace_sys 1.1.6",
 "sgx_demangle 1.1.6",
 "sgx_libc 1.1.6",
 "sgx_tprotected_fs 1.1.6",
 "sgx_trts 1.1.6",
 "sgx_types 1.1.6",
 "sgx_unwind 1.1.6",
]

[[package]]
name = "sgx_types"
version = "1.1.0"
source = "git+https://github.com/apache/teaclave-sgx-sdk.git?rev=v1.1.0#71a88b647bb76a16cbc5c3e29403e2afb67f82fd"

[[package]]
name = "sgx_types"
version = "1.1.6"

[[package]]
name = "sgx_unwind"
version = "0.1.0"
source = "git+https://github.com/apache/teaclave-sgx-sdk.git?rev=v1.1.0#71a88b647bb76a16cbc5c3e29403e2afb67f82fd"
dependencies = [
 "sgx_build_helper 0.1.0",
]

[[package]]
name = "sgx_unwind"
version = "1.1.6"
dependencies = [
 "sgx_build_helper 1.1.6",
]

[[package]]
name = "spin"
version = "0.5.2"
source = "registry+https://github.com/rust-lang/crates.io-index"
checksum = "6e63cff320ae2c57904679ba7cb63280a3dc4613885beafb148ee7bf9aa9042d"
